lockfileVersion: '9.0'

settings:
  autoInstallPeers: true
  excludeLinksFromLockfile: false

importers:

  .:
    devDependencies:
      '@types/node':
        specifier: ^26.1.1
        version: 26.1.1
      oxfmt:
        specifier: ^0.62.0
        version: 0.62.0
      oxlint:
        specifier: ^1.74.0
        version: 1.74.0(oxlint-tsgolint@0.24.0)
      oxlint-tsgolint:
        specifier: ^0.24.0
        version: 0.24.0
      tsx:
        specifier: ^4.23.12
        version: 4.23.12
      typescript:
        specifier: ^6.0.3
        version: 6.0.3

packages:

  '@esbuild/aix-ppc64@0.28.2':
    resolution: {integrity: sha512-XExcO+dvLKvVtNTibSTBej1NCAbaGhWn9Ww1ZPx80qsahhPFe/8jgWP0IchNe0F3HwkU7n8ejhH8bjonqht8mQ==}
    engines: {node: '>=18'}
    cpu: [ppc64]
    os: [aix]

  '@esbuild/android-arm64@0.28.2':
    resolution: {integrity: sha512-5YfKeeI8qWfBZIX+u2xZC3Zlb3Os/gLS2sbEKM+I4ZOcsWmHS2WLysCcQZDAFRslDUU5Oiq44gf6PYN1vGwG5A==}
    engines: {node: '>=18'}
    cpu: [arm64]
    os: [android]

  '@esbuild/android-arm@0.28.2':
    resolution: {integrity: sha512-kXXoiPVVGQcnIYGOeaovwOURpniDBpSq4A03qkQ+BMQqtGG6HYap3xne9C1O1yo4TR3qxlCX5IqqmX6fFo2Lqg==}
    engines: {node: '>=18'}
    cpu: [arm]
    os: [android]

  '@esbuild/android-x64@0.28.2':
    resolution: {integrity: sha512-O387ite7SzUyCcy3JQX4P4bLtEA7bLLkx+esve5JHnyYfNTxcVpXZo9jhdB0lTKN44gztELTdU7nS8Nr16Fs1Q==}
    engines: {node: '>=18'}
    cpu: [x64]
    os: [android]

  '@esbuild/darwin-arm64@0.28.2':
    resolution: {integrity: sha512-n4KqkOQrraxHJcgjM1RvwbigfQKIKJVpM7xp+KsxiyUSrRdIXnt73VhrPAx0fV44hgfmIVKjxMN9J1t5jySVkw==}
    engines: {node: '>=18'}
    cpu: [arm64]
    os: [darwin]

  '@esbuild/darwin-x64@0.28.2':
    resolution: {integrity: sha512-uq6suIWYP37qzGddBKPw5QEQPi6HiLGsO7UmkpfyaYNQ3D+rN6w6WfwH+nuqcGXWvawGwxOEroO4YGnFh95azw==}
    engines: {node: '>=18'}
    cpu: [x64]
    os: [darwin]

  '@esbuild/freebsd-arm64@0.28.2':
    resolution: {integrity: sha512-n+I0BTSRIoy+d6RPKnEVwql5UwBJolytvY4mAOIEJorKlqgPII8ix6slVVrfZ5Tnj7glIZvloylbB/EJPMWEXw==}
    engines: {node: '>=18'}
    cpu: [arm64]
    os: [freebsd]

  '@esbuild/freebsd-x64@0.28.2':
    resolution: {integrity: sha512-78XJTJkvPs0kz2w61301PJjXl4g7q3JqiYMZ/M/yVI73EHBrCRTgkhu9oqG7vPqq+a/yadEW8aD+agKlk5xrmg==}
    engines: {node: '>=18'}
    cpu: [x64]
    os: [freebsd]

  '@esbuild/linux-arm64@0.28.2':
    resolution: {integrity: sha512-pW4AC0P3it8c7do9MVM4p51FzHzdM/TZrerurgRcHJ2WTa1VQ1CIq18xncfpBJw4ojkiZZrKW2yIBWBP92j6Ug==}
    engines: {node: '>=18'}
    cpu: [arm64]
    os: [linux]

  '@esbuild/linux-arm@0.28.2':
    resolution: {integrity: sha512-XlDnu2q5yoqems+xay6wSAcg9DDD7K9RLKZEBOMZm3ckNpJBvOX20tSfby8KfrrhINDyv9V2YVZKY/SpoGJI8w==}
    engines: {node: '>=18'}
    cpu: [arm]
    os: [linux]

  '@esbuild/linux-ia32@0.28.2':
    resolution: {integrity: sha512-CYbnj78HsIeA+DhgUKgFCfvNsTHFhMMrinUrMZpDXJXKN8T3XViTZ/+wtHeVxEWY8ewSzTFN+nRmSwO2tZaLUQ==}
    engines: {node: '>=18'}
    cpu: [ia32]
    os: [linux]

  '@esbuild/linux-loong64@0.28.2':
    resolution: {integrity: sha512-buwkd8nsph4R+ajRvw0qM5Hja/TXQow3ptzWO2EbG/cqcIkHloRrdlBtQlshyYGTNFvfkfJ5tpPLVkY4DtsPfQ==}
    engines: {node: '>=18'}
    cpu: [loong64]
    os: [linux]

  '@esbuild/linux-mips64el@0.28.2':
    resolution: {integrity: sha512-ZVykbDyk7519VwiNb9Lcj9m8XM6v5V9uKPvrEMkkEedVewf+0itkhahp4HDpgERXhwLRpWFypsGbG/J8s0QjJA==}
    engines: {node: '>=18'}
    cpu: [mips64el]
    os: [linux]

  '@esbuild/linux-ppc64@0.28.2':
    resolution: {integrity: sha512-CAXl+Dtd9UUuJd8pKKdwh6MLm3MUMiqMPmhZ3tTSXPqfyQ3vDl6R5hZdZ/kYojK4ofXtdfSv1tFq8XzWx3heNQ==}
    engines: {node: '>=18'}
    cpu: [ppc64]
    os: [linux]

  '@esbuild/linux-riscv64@0.28.2':
    resolution: {integrity: sha512-GeXCej4IQtU1B+QlDV8W/RRvbzI3O/Stss+/bCXv4lZls5WGRtu2a+3JkA3i4qIUlMXpcHebWpF8AkJhATowuA==}
    engines: {node: '>=18'}
    cpu: [riscv64]
    os: [linux]

  '@esbuild/linux-s390x@0.28.2':
    resolution: {integrity: sha512-3H1weTYZPxt/WOhByszQZybS9w5lKzUn1FDMsgEChbHWQwHYQQRfBxgCcZvPhjHfKyJjIievvMmEUawJrdY9Dg==}
    engines: {node: '>=18'}
    cpu: [s390x]
    os: [linux]

  '@esbuild/linux-x64@0.28.2':
    resolution: {integrity: sha512-4xTZr1FUmSoQW4XIWmit3tzQrUTZM+N3P0XV8xROKYF50XfI7xeO90+1bZvNwxIufQ9hDQVRJH5YhgPVF8A/HQ==}
    engines: {node: '>=18'}
    cpu: [x64]
    os: [linux]

  '@esbuild/netbsd-arm64@0.28.2':
    resolution: {integrity: sha512-sSATRjPeDBg3pdgHoQfoYBob11Kk1FGa9lui5RIHZCoCkJa9QKlvl3/vKz2usCmYYjs7ymJR/2Nnsqe+Hjt5nw==}
    engines: {node: '>=18'}
    cpu: [arm64]
    os: [netbsd]

  '@esbuild/netbsd-x64@0.28.2':
    resolution: {integrity: sha512-lqnzCV+mM0gIADaKihiCg6ifgfU2L3h5E33rNQBN1Y4MaVGnzryzmvvf7UHxprpQdE8hpqLolJ9Rl+SkIRDpyw==}
    engines: {node: '>=18'}
    cpu: [x64]
    os: [netbsd]

  '@esbuild/openbsd-arm64@0.28.2':
    resolution: {integrity: sha512-AL2qJILH7lNjrDmCQDvdxMfAUIv8KMNZOvrwAQ8i8//ntL9FflhOyMJ8OZSMBb8/AWXe3/5v5S20y3zCoZWKoQ==}
    engines: {node: '>=18'}
    cpu: [arm64]
    os: [openbsd]

  '@esbuild/openbsd-x64@0.28.2':
    resolution: {integrity: sha512-QtiuPytchRyC4rwUKhexJdQKvDuZ6hWloi3igqPQNUJCS1/v9EiO3UTOXR6A3FoMo4fnAKbWJdqaIwhOzh8qEw==}
    engines: {node: '>=18'}
    cpu: [x64]
    os: [openbsd]

  '@esbuild/openharmony-arm64@0.28.2':
    resolution: {integrity: sha512-WkhYDmpTjLvGlScA1rwjRUmhl4k8oXR3cIbtqWmELgU/dFeHHlEllxDvdWcNJV9rbzCexB5vz8gtNewWLgCT7Q==}
    engines: {node: '>=18'}
    cpu: [arm64]
    os: [openharmony]

  '@esbuild/sunos-x64@0.28.2':
    resolution: {integrity: sha512-GPMSkTOtMnv2U2F8gxe4Io6qmVs+YKyp832Etqqxr0hFngmXQ3rzwytelm3GIn7T4VviRUlf3sOgBOiTdvaf7g==}
    engines: {node: '>=18'}
    cpu: [x64]
    os: [sunos]

  '@esbuild/win32-arm64@0.28.2':
    resolution: {integrity: sha512-PIhhEkE9uPBleRBrQEJpUn7MBnibZzbGzYWPmY3x+YoVg/95zbjB4CxPPOQ8l5tYYM4mMaCthF8/1DIfBQQyWQ==}
    engines: {node: '>=18'}
    cpu: [arm64]
    os: [win32]

  '@esbuild/win32-ia32@0.28.2':
    resolution: {integrity: sha512-YmJbfTlvU7Sdn9BB+4PRES4oB6pxgS37MAONj+hBr/cpXS1aBPKXxNnDbu+QCWPj0o9dgyxeq79g6c5P8KeuYA==}
    engines: {node: '>=18'}
    cpu: [ia32]
    os: [win32]

  '@esbuild/win32-x64@0.28.2':
    resolution: {integrity: sha512-5ebpxr3nWMzrL/rnUI755Jkuee0bHL/Gq0WTF9lvcpv73wAp5eu8MfBUgWK9bhWvZjj7yX8etf/8tI8Ney695g==}
    engines: {node: '>=18'}
    cpu: [x64]
    os: [win32]

  '@oxfmt/binding-android-arm-eabi@0.62.0':
    resolution: {integrity: sha512-pdsv0C4gPjJ8H1+sd8u0BDx+yLACTL+rgeMIOL1ln4ihSnhw8CWXtYWgvcSkyTfgGBIzFKab+d8rx9Xl4en/Kw==}
    engines: {node: ^20.19.0 || >=22.12.0}
    cpu: [arm]
    os: [android]

  '@oxfmt/binding-android-arm64@0.62.0':
    resolution: {integrity: sha512-WC3YQ7uS/KtDrjmqwBviwFKe9qeoi+eXx8aX1z/ffG23Md75myjrJaQqTuJvdOLPoa4EYTjDWH0dHXfwulCVog==}
    engines: {node: ^20.19.0 || >=22.12.0}
    cpu: [arm64]
    os: [android]

  '@oxfmt/binding-darwin-arm64@0.62.0':
    resolution: {integrity: sha512-GM8Yf3LjjaR1I8PD0SfeoIlwhsh9GvSF+cQ8sf624Yxnjsyumn95aFzYfKJVefblfDIiOAnZ7QVm2sa21Er/0Q==}
    engines: {node: ^20.19.0 || >=22.12.0}
    cpu: [arm64]
    os: [darwin]

  '@oxfmt/binding-darwin-x64@0.62.0':
    resolution: {integrity: sha512-d5THp7F8bCxLqNogEXDORRsQD6dosf3EyFtnXfBer6v+8tGdcWIjoDX9WaXrrF/26zOmL8qHpPTKCEvpBDmZkQ==}
    engines: {node: ^20.19.0 || >=22.12.0}
    cpu: [x64]
    os: [darwin]

  '@oxfmt/binding-freebsd-x64@0.62.0':
    resolution: {integrity: sha512-1DnrtXGZooOZ0fHgAXZUaDQzBVh1CM2MNW4oBXyQ2aWKvCHjyljvT9fgBkOM0fEOb96X5eqtcfJ0YUVt9jj66g==}
    engines: {node: ^20.19.0 || >=22.12.0}
    cpu: [x64]
    os: [freebsd]

  '@oxfmt/binding-linux-arm-gnueabihf@0.62.0':
    resolution: {integrity: sha512-4pQDHOYRH+Huqe0StIaWyvk2CVl/aTaqSrbZpA3/pLS2xH24ME7lBgYprhQF2fRkHBzhGGGKliwxFsDdHwx59g==}
    engines: {node: ^20.19.0 || >=22.12.0}
    cpu: [arm]
    os: [linux]

  '@oxfmt/binding-linux-arm-musleabihf@0.62.0':
    resolution: {integrity: sha512-X0jAaZJFMCVKhB6YyWVTQ/wN2DLsBcZKSMqTS76bF6riT+XZdtg2FPEdjDvdVbunO9cG+tWiVaEs4Zs38lxYog==}
    engines: {node: ^20.19.0 || >=22.12.0}
    cpu: [arm]
    os: [linux]

  '@oxfmt/binding-linux-arm64-gnu@0.62.0':
    resolution: {integrity: sha512-682Z8T5s8T5ATArYtsejKvbIfd8LEAXyyDkKkoZVq8HND7Vx8TYLlrDjDSeYfodMeVwHOgkj13lJYR8cj6vUSg==}
    engines: {node: ^20.19.0 || >=22.12.0}
    cpu: [arm64]
    os: [linux]
    libc: [glibc]

  '@oxfmt/binding-linux-arm64-musl@0.62.0':
    resolution: {integrity: sha512-lk25fAl7KWaLWVJcW0CHEXB7QlQZtx5eDkjpaGMK0hzXTjUe0Wmlu8IKuFHoviSOcEJedRTs4VE/506VqGxGew==}
    engines: {node: ^20.19.0 || >=22.12.0}
    cpu: [arm64]
    os: [linux]
    libc: [musl]

  '@oxfmt/binding-linux-ppc64-gnu@0.62.0':
    resolution: {integrity: sha512-SFyNqHQLwySceWNLhiSldx7wPXRAzP0L0WcW9GegP3uWrpZGJiZlQO85NbHAFPEfxR9PhZ9qSnZryEh7+v+4Gw==}
    engines: {node: ^20.19.0 || >=22.12.0}
    cpu: [ppc64]
    os: [linux]
    libc: [glibc]

  '@oxfmt/binding-linux-riscv64-gnu@0.62.0':
    resolution: {integrity: sha512-KYj55C1ywJfHo6+aKDuEmUtVEdJALsC5GwayDGsI6FGz2GxFqNr/mA8nxVsNbJzm7sE5MRqTQ9ziImSzhYXysA==}
    engines: {node: ^20.19.0 || >=22.12.0}
    cpu: [riscv64]
    os: [linux]
    libc: [glibc]

  '@oxfmt/binding-linux-riscv64-musl@0.62.0':
    resolution: {integrity: sha512-BhZDNo5GOU5nC378RhD0/XpvaEBHsH3HLgJp8YZX3A0InC7oivzA63HsRmiXFLtLSHAstEVrDf6fbC7Rs8Jh/A==}
    engines: {node: ^20.19.0 || >=22.12.0}
    cpu: [riscv64]
    os: [linux]
    libc: [musl]

  '@oxfmt/binding-linux-s390x-gnu@0.62.0':
    resolution: {integrity: sha512-UyAFmyHkgSgUJ/wOM4p3U8AC2yAFvRH5PNBs7TnK0fObTT/XSWcdr/lAzPSWaekHaZFaMeFZyk9n93Joq3J93A==}
    engines: {node: ^20.19.0 || >=22.12.0}
    cpu: [s390x]
    os: [linux]
    libc: [glibc]

  '@oxfmt/binding-linux-x64-gnu@0.62.0':
    resolution: {integrity: sha512-1iYMP0leytWazFubD/WnINJuIrzRPuoL1aWEJdlGezEzDbTxcd29R4r8IUzP2oWeKst5V02uMJgR2NILlPlG6w==}
    engines: {node: ^20.19.0 || >=22.12.0}
    cpu: [x64]
    os: [linux]
    libc: [glibc]

  '@oxfmt/binding-linux-x64-musl@0.62.0':
    resolution: {integrity: sha512-4rA/URtJSTVNVAQz6Q8wf7SaRvOXVy+TizriT9hs/Y1XhLR/R+92uWKRQG8yFWRAIEBbFHJ6WevQcl/G9SXEfw==}
    engines: {node: ^20.19.0 || >=22.12.0}
    cpu: [x64]
    os: [linux]
    libc: [musl]

  '@oxfmt/binding-openharmony-arm64@0.62.0':
    resolution: {integrity: sha512-mSZuFHU2ar1KLUjXpI2QBQcJ1VsOB3mOCgQXuXCpKs19dgh4u+OaovNfrWDfiJb+ihJ2+f7YFcaO9bS2dlTCXA==}
    engines: {node: ^20.19.0 || >=22.12.0}
    cpu: [arm64]
    os: [openharmony]

  '@oxfmt/binding-win32-arm64-msvc@0.62.0':
    resolution: {integrity: sha512-OfwuhkcjDlqC4EgDojtiV9mzpLqeB9KqTOWPOjLEYBVdDCVSxqW3qzp/xcIxsbtI0UgGCnKvAqYKyY25kf5JZw==}
    engines: {node: ^20.19.0 || >=22.12.0}
    cpu: [arm64]
    os: [win32]

  '@oxfmt/binding-win32-ia32-msvc@0.62.0':
    resolution: {integrity: sha512-P9uDDNFRzghO3X8QAzhkjKhK7JvtABsVn8UYtFX7uor12IAnwNt8nNIctvfWj1JkQU/kE+fmLRPiw7XlrIHsZw==}
    engines: {node: ^20.19.0 || >=22.12.0}
    cpu: [ia32]
    os: [win32]

  '@oxfmt/binding-win32-x64-msvc@0.62.0':
    resolution: {integrity: sha512-dlI5SY7XYQCiCBafntWagCR6HcAJB/NpsLtdlPx8x08+Osz8Ok1HHz1GZuusegCe/VoJ6pAnF5a4pd5OZAq7qQ==}
    engines: {node: ^20.19.0 || >=22.12.0}
    cpu: [x64]
    os: [win32]

  '@oxlint-tsgolint/darwin-arm64@0.24.0':
    resolution: {integrity: sha512-C2uMmwK5Bc4ri4ysZ6sA8Rcu+A5zBQTp6ml2u0CLLbRZp4kMFPV3yWk8B5DK9Aw7y9bbjogIm75tUwGLFzlsYQ==}
    cpu: [arm64]
    os: [darwin]

  '@oxlint-tsgolint/darwin-x64@0.24.0':
    resolution: {integrity: sha512-Wgvt/1lRbDxmoNqWQKKcL+UIiqLmdJ+EWLpQa1qzoNVAfNB0PJpa82/8dH1twT/3rSs4zrP5TXPWl4juB71WuQ==}
    cpu: [x64]
    os: [darwin]

  '@oxlint-tsgolint/linux-arm64@0.24.0':
    resolution: {integrity: sha512-PB1rxII7KV83+ASY4sSkXtqvpij6ME66+QCRL49uksi/ofs2Rf/UVboYr095n0Rkbl2wgvlsHGl6DHC361jQUQ==}
    cpu: [arm64]
    os: [linux]

  '@oxlint-tsgolint/linux-x64@0.24.0':
    resolution: {integrity: sha512-xcz3CxKmjTQLREtE/UShh+ruWmm9nAb7UM9zKcD65BStiuYgOakAKkPHl4YS5DztpVcDrE0+HqbOolTlRKYWmw==}
    cpu: [x64]
    os: [linux]

  '@oxlint-tsgolint/win32-arm64@0.24.0':
    resolution: {integrity: sha512-A2i6ZGBec3i20S7RaxkgHc6r3HYtD5Mn7j/mb22NkTz14u0JuudvTu6JggAnbGMcv8+dBKQI//EasxSPJLD8pw==}
    cpu: [arm64]
    os: [win32]

  '@oxlint-tsgolint/win32-x64@0.24.0':
    resolution: {integrity: sha512-0ZbGd9qRB6zs82moekaKdEvncRANq49EAwfNX62JpTS46feXUhKAuoyVDvZMj6Rywejylrmmu79Wo6faYCo4Ew==}
    cpu: [x64]
    os: [win32]

  '@oxlint/binding-android-arm-eabi@1.74.0':
    resolution: {integrity: sha512-+gHd12muVI9ZLBaWLPkHt3Fj7jihFjgQ1MGtBaRL8vWrWrI0P7dLUty/cHrHS0oqPYIRgQUJsPu2CExQuMcwNw==}
    engines: {node: ^20.19.0 || >=22.12.0}
    cpu: [arm]
    os: [android]

  '@oxlint/binding-android-arm64@1.74.0':
    resolution: {integrity: sha512-xjKdoMB+H+RCOByv/7l7nfIGW9mlOisqYdcyC75UqYuQecLpReAeEYUf2CNeDEI3KtmUgxpRw/+c63y4AeF/Bw==}
    engines: {node: ^20.19.0 || >=22.12.0}
    cpu: [arm64]
    os: [android]

  '@oxlint/binding-darwin-arm64@1.74.0':
    resolution: {integrity: sha512-iUK7wvc6sejMKsC+Pt67mntoF5weFcyEunhZfLJceU6gL419mexz5wBkSx/EnkFBExMLNtOi9fnDSc5xfK0IzQ==}
    engines: {node: ^20.19.0 || >=22.12.0}
    cpu: [arm64]
    os: [darwin]

  '@oxlint/binding-darwin-x64@1.74.0':
    resolution: {integrity: sha512-ggKc/tn5SJ1u2yG2izC6VKODfYKV8MQ2AicJlNzOjuyrC29udvOef6/JzK2r32xqCnBDLFouR1VCkjzEI0/N9Q==}
    engines: {node: ^20.19.0 || >=22.12.0}
    cpu: [x64]
    os: [darwin]

  '@oxlint/binding-freebsd-x64@1.74.0':
    resolution: {integrity: sha512-u++dH/43jy9hTLbneaWlS0gla/Bp1JdwJ2zgevCl8nDFUh6qRCGMxcL0f0lb7By3A9p/LfFr+7cG4HU1hG856g==}
    engines: {node: ^20.19.0 || >=22.12.0}
    cpu: [x64]
    os: [freebsd]

  '@oxlint/binding-linux-arm-gnueabihf@1.74.0':
    resolution: {integrity: sha512-Sj1zmtFDVTPeIbIz4ZfcXAbFHqCmKCXdCUlAJzvTF7I20NTH1RDpoF2PhkqNODutJzVhJYmm3oz0GwgY+tvE2g==}
    engines: {node: ^20.19.0 || >=22.12.0}
    cpu: [arm]
    os: [linux]

  '@oxlint/binding-linux-arm-musleabihf@1.74.0':
    resolution: {integrity: sha512-//PKyQb/tQXcHArx2f7z+oVI/eMS2Jpv+edNuAtOrgIhWdGcpHxogveAxzmF2rpH1AIHp4Hq04RF/rgJdiICnQ==}
    engines: {node: ^20.19.0 || >=22.12.0}
    cpu: [arm]
    os: [linux]

  '@oxlint/binding-linux-arm64-gnu@1.74.0':
    resolution: {integrity: sha512-/k1Me+aX2tjuH10K62mLS0y8cLkJBHX6Ce0xPK+eWeel4bSdEGZ8dv4+hYMzg0GrSmjwy4yAYsDPeEeKBft/2w==}
    engines: {node: ^20.19.0 || >=22.12.0}
    cpu: [arm64]
    os: [linux]
    libc: [glibc]

  '@oxlint/binding-linux-arm64-musl@1.74.0':
    resolution: {integrity: sha512-3tFSjBxc5D8/zvjEuLvOqcA8ZXKD0+6NuaVO/edeamNc49MoAsbfaC9s1UiwODwgF6slGaF8yJA2TPkukd77tg==}
    engines: {node: ^20.19.0 || >=22.12.0}
    cpu: [arm64]
    os: [linux]
    libc: [musl]

  '@oxlint/binding-linux-ppc64-gnu@1.74.0':
    resolution: {integrity: sha512-9QggtPkSPXOCTu8Szis7auOK/sC7KdQaN+/TujP7YVVhzCAOhgdRfgv8uEz0r2tk5xdgus5rLYUrCDoZNtiRUw==}
    engines: {node: ^20.19.0 || >=22.12.0}
    cpu: [ppc64]
    os: [linux]
    libc: [glibc]

  '@oxlint/binding-linux-riscv64-gnu@1.74.0':
    resolution: {integrity: sha512-VM5VPUJ4DJIWiK+AZn8FScUqMr6OFrCAYybMYjEEi7W13ParI64MByiXTkKMqZpBmvQ9zxl9Ebq2VUOiZRJYUg==}
    engines: {node: ^20.19.0 || >=22.12.0}
    cpu: [riscv64]
    os: [linux]
    libc: [glibc]

  '@oxlint/binding-linux-riscv64-musl@1.74.0':
    resolution: {integrity: sha512-SaDY1gh9rOA592J54g+gu5hkOFFQBZsMmIYHs+NRHG+Uq0OxtuuCXMWQ3vu1830Eugv5uMXyjG+bv2Z9y4IXjw==}
    engines: {node: ^20.19.0 || >=22.12.0}
    cpu: [riscv64]
    os: [linux]
    libc: [musl]

  '@oxlint/binding-linux-s390x-gnu@1.74.0':
    resolution: {integrity: sha512-ZATQeHZCyr6MbDveg0obD5sxLHFOghtOdC5jwVwYlvFWqtFOxctgFEG6Ef/64hYvZrWyhyCckB10AelqLopeDA==}
    engines: {node: ^20.19.0 || >=22.12.0}
    cpu: [s390x]
    os: [linux]
    libc: [glibc]

  '@oxlint/binding-linux-x64-gnu@1.74.0':
    resolution: {integrity: sha512-+aIvJyrdeD7LwCQ2WYLMUWNmnbeDRSPb40aBYtPjD9+PTqUwgJnk+HK5yLfSMeqXrMrDhE9uTmtt2y50tvjhHw==}
    engines: {node: ^20.19.0 || >=22.12.0}
    cpu: [x64]
    os: [linux]
    libc: [glibc]

  '@oxlint/binding-linux-x64-musl@1.74.0':
    resolution: {integrity: sha512-XyktaR8lhK2qWiCK0Tk8oYD+/cgn+oHA6ddRnxSSXUKkkojkV78CmShZUxQF+yrBFs0SuW+JBOPG6hecyc/iZg==}
    engines: {node: ^20.19.0 || >=22.12.0}
    cpu: [x64]
    os: [linux]
    libc: [musl]

  '@oxlint/binding-openharmony-arm64@1.74.0':
    resolution: {integrity: sha512-mzbjrPl4neaVUiJ1fUiEUxTGaSZBoiKtaoB6jmIpz9S+VOA2vDYmJpihQ82w6178V5jxziclTg8Cgj5yF6tTDg==}
    engines: {node: ^20.19.0 || >=22.12.0}
    cpu: [arm64]
    os: [openharmony]

  '@oxlint/binding-win32-arm64-msvc@1.74.0':
    resolution: {integrity: sha512-vUAe9okpS2Oa5+lX67lqHMuNUvfkleRKwrUDJ/WJBsgmddvZ1mrsh2HVmuFDRzqFELhaJhFaCNOuR6a7L3rtIA==}
    engines: {node: ^20.19.0 || >=22.12.0}
    cpu: [arm64]
    os: [win32]

  '@oxlint/binding-win32-ia32-msvc@1.74.0':
    resolution: {integrity: sha512-yyXXJyYYSXL4I8K8jAWjJs+J3fa9gH2JmEbo4f5adm+1tNC9itseicBNuwK7BDHvqQ5J534s+yDULu89vYL2ZQ==}
    engines: {node: ^20.19.0 || >=22.12.0}
    cpu: [ia32]
    os: [win32]

  '@oxlint/binding-win32-x64-msvc@1.74.0':
    resolution: {integrity: sha512-VTC9IYTIMrVUk/i6Ms1ohzzDKZFkWn0KU2OBbPBzgmVZ2V30165T/zK4LztTr0Xgp9fZ1qQZ1rsZAu/rEmySlA==}
    engines: {node: ^20.19.0 || >=22.12.0}
    cpu: [x64]
    os: [win32]

  '@types/node@26.1.1':
    resolution: {integrity: sha512-nxAkRSVkN1Y0JC1W8ky/fTfkGsMmcrRsbx+3XoZE+rMOX71kLYTV7fLXpqud1GpbpP5TuffXFqfX7fH2GgZREw==}

  esbuild@0.28.2:
    resolution: {integrity: sha512-HKVLS8dvII+xoKW9kmqxbRKrnWEXfJJr/FZhhJmiqIB0e053QNYFqOBouTMO/k5sID4MvCiUCvv8b9M4h32wIA==}
    engines: {node: '>=18'}
    hasBin: true

  fsevents@2.3.3:
    resolution: {integrity: sha512-5xoDfX+fL7faATnagmWPpbFtwh/R77WmMMqqHGS65C3vvB0YHrgF+B1YmZ3441tMj5n63k0212XNoJwzlhffQw==}
    engines: {node: ^8.16.0 || ^10.6.0 || >=11.0.0}
    os: [darwin]

  oxfmt@0.62.0:
    resolution: {integrity: sha512-vxgGHTmnDU9j4CX7dDBLzxgmHxfda/yPcgJkGCMUSCwRmz+euo/V08xXLNgXTeqAB9Fhf3Pe2nO1RNKLCVgphQ==}
    engines: {node: ^20.19.0 || >=22.12.0}
    hasBin: true
    peerDependencies:
      svelte: ^5.0.0
      vite-plus: '*'
    peerDependenciesMeta:
      svelte:
        optional: true
      vite-plus:
        optional: true

  oxlint-tsgolint@0.24.0:
    resolution: {integrity: sha512-giCk5sEvG02d5tzPmFMX3hem8ndzEEu1xvGYS5OwNfO2WGl6ZVxt5LjE0yiMDoz94INI7XkXwgFAQiydPvVHDw==}
    hasBin: true

  oxlint@1.74.0:
    resolution: {integrity: sha512-odGl2s2x5IOJoj3A0v1k0PGBXVFBZeZ2+AK/+K2MJur7Ghi3bkyX5NuLUWHKqa4js1wjep3hJeuTQJOlr+4+dA==}
    engines: {node: ^20.19.0 || >=22.12.0}
    hasBin: true
    peerDependencies:
      oxlint-tsgolint: '>=0.24.0'
      vite-plus: '*'
    peerDependenciesMeta:
      oxlint-tsgolint:
        optional: true
      vite-plus:
        optional: true

  tinypool@2.1.0:
    resolution: {integrity: sha512-Pugqs6M0m7Lv1I7FtxN4aoyToKg1C4tu+/381vH35y8oENM/Ai7f7C4StcoK4/+BSw9ebcS8jRiVrORFKCALLw==}
    engines: {node: ^20.0.0 || >=22.0.0}

  tsx@4.23.12:
    resolution: {integrity: sha512-FDf4L4sYzKtzWYhU/Xm0AQFdTjdIxNo9ElTf2mxXM6k8YMHXzYUe4yODVaXP4V9uMFbVg8c0qyBccK2OOxb45Q==}
    engines: {node: '>=18.0.0'}
    hasBin: true

  typescript@6.0.3:
    resolution: {integrity: sha512-y2TvuxSZPDyQakkFRPZHKFm+KKVqIisdg9/CZwm9ftvKXLP8NRWj38/ODjNbr43SsoXqNuAisEf1GdCxqWcdBw==}
    engines: {node: '>=14.17'}
    hasBin: true

  undici-types@8.3.0:
    resolution: {integrity: sha512-j375ScV60dom+YkPFIfTLcOiPxkN/buHz5GobjLhixFuANaNs3C9l4GmrWqejgXWJ7BbJcFYpTEUkS1Ge8bpZQ==}

snapshots:

  '@esbuild/aix-ppc64@0.28.2':
    optional: true

  '@esbuild/android-arm64@0.28.2':
    optional: true

  '@esbuild/android-arm@0.28.2':
    optional: true

  '@esbuild/android-x64@0.28.2':
    optional: true

  '@esbuild/darwin-arm64@0.28.2':
    optional: true

  '@esbuild/darwin-x64@0.28.2':
    optional: true

  '@esbuild/freebsd-arm64@0.28.2':
    optional: true

  '@esbuild/freebsd-x64@0.28.2':
    optional: true

  '@esbuild/linux-arm64@0.28.2':
    optional: true

  '@esbuild/linux-arm@0.28.2':
    optional: true

  '@esbuild/linux-ia32@0.28.2':
    optional: true

  '@esbuild/linux-loong64@0.28.2':
    optional: true

  '@esbuild/linux-mips64el@0.28.2':
    optional: true

  '@esbuild/linux-ppc64@0.28.2':
    optional: true

  '@esbuild/linux-riscv64@0.28.2':
    optional: true

  '@esbuild/linux-s390x@0.28.2':
    optional: true

  '@esbuild/linux-x64@0.28.2':
    optional: true

  '@esbuild/netbsd-arm64@0.28.2':
    optional: true

  '@esbuild/netbsd-x64@0.28.2':
    optional: true

  '@esbuild/openbsd-arm64@0.28.2':
    optional: true

  '@esbuild/openbsd-x64@0.28.2':
    optional: true

  '@esbuild/openharmony-arm64@0.28.2':
    optional: true

  '@esbuild/sunos-x64@0.28.2':
    optional: true

  '@esbuild/win32-arm64@0.28.2':
    optional: true

  '@esbuild/win32-ia32@0.28.2':
    optional: true

  '@esbuild/win32-x64@0.28.2':
    optional: true

  '@oxfmt/binding-android-arm-eabi@0.62.0':
    optional: true

  '@oxfmt/binding-android-arm64@0.62.0':
    optional: true

  '@oxfmt/binding-darwin-arm64@0.62.0':
    optional: true

  '@oxfmt/binding-darwin-x64@0.62.0':
    optional: true

  '@oxfmt/binding-freebsd-x64@0.62.0':
    optional: true

  '@oxfmt/binding-linux-arm-gnueabihf@0.62.0':
    optional: true

  '@oxfmt/binding-linux-arm-musleabihf@0.62.0':
    optional: true

  '@oxfmt/binding-linux-arm64-gnu@0.62.0':
    optional: true

  '@oxfmt/binding-linux-arm64-musl@0.62.0':
    optional: true

  '@oxfmt/binding-linux-ppc64-gnu@0.62.0':
    optional: true

  '@oxfmt/binding-linux-riscv64-gnu@0.62.0':
    optional: true

  '@oxfmt/binding-linux-riscv64-musl@0.62.0':
    optional: true

  '@oxfmt/binding-linux-s390x-gnu@0.62.0':
    optional: true

  '@oxfmt/binding-linux-x64-gnu@0.62.0':
    optional: true

  '@oxfmt/binding-linux-x64-musl@0.62.0':
    optional: true

  '@oxfmt/binding-openharmony-arm64@0.62.0':
    optional: true

  '@oxfmt/binding-win32-arm64-msvc@0.62.0':
    optional: true

  '@oxfmt/binding-win32-ia32-msvc@0.62.0':
    optional: true

  '@oxfmt/binding-win32-x64-msvc@0.62.0':
    optional: true

  '@oxlint-tsgolint/darwin-arm64@0.24.0':
    optional: true

  '@oxlint-tsgolint/darwin-x64@0.24.0':
    optional: true

  '@oxlint-tsgolint/linux-arm64@0.24.0':
    optional: true

  '@oxlint-tsgolint/linux-x64@0.24.0':
    optional: true

  '@oxlint-tsgolint/win32-arm64@0.24.0':
    optional: true

  '@oxlint-tsgolint/win32-x64@0.24.0':
    optional: true

  '@oxlint/binding-android-arm-eabi@1.74.0':
    optional: true

  '@oxlint/binding-android-arm64@1.74.0':
    optional: true

  '@oxlint/binding-darwin-arm64@1.74.0':
    optional: true

  '@oxlint/binding-darwin-x64@1.74.0':
    optional: true

  '@oxlint/binding-freebsd-x64@1.74.0':
    optional: true

  '@oxlint/binding-linux-arm-gnueabihf@1.74.0':
    optional: true

  '@oxlint/binding-linux-arm-musleabihf@1.74.0':
    optional: true

  '@oxlint/binding-linux-arm64-gnu@1.74.0':
    optional: true

  '@oxlint/binding-linux-arm64-musl@1.74.0':
    optional: true

  '@oxlint/binding-linux-ppc64-gnu@1.74.0':
    optional: true

  '@oxlint/binding-linux-riscv64-gnu@1.74.0':
    optional: true

  '@oxlint/binding-linux-riscv64-musl@1.74.0':
    optional: true

  '@oxlint/binding-linux-s390x-gnu@1.74.0':
    optional: true

  '@oxlint/binding-linux-x64-gnu@1.74.0':
    optional: true

  '@oxlint/binding-linux-x64-musl@1.74.0':
    optional: true

  '@oxlint/binding-openharmony-arm64@1.74.0':
    optional: true

  '@oxlint/binding-win32-arm64-msvc@1.74.0':
    optional: true

  '@oxlint/binding-win32-ia32-msvc@1.74.0':
    optional: true

  '@oxlint/binding-win32-x64-msvc@1.74.0':
    optional: true

  '@types/node@26.1.1':
    dependencies:
      undici-types: 8.3.0

  esbuild@0.28.2:
    optionalDependencies:
      '@esbuild/aix-ppc64': 0.28.2
      '@esbuild/android-arm': 0.28.2
      '@esbuild/android-arm64': 0.28.2
      '@esbuild/android-x64': 0.28.2
      '@esbuild/darwin-arm64': 0.28.2
      '@esbuild/darwin-x64': 0.28.2
      '@esbuild/freebsd-arm64': 0.28.2
      '@esbuild/freebsd-x64': 0.28.2
      '@esbuild/linux-arm': 0.28.2
      '@esbuild/linux-arm64': 0.28.2
      '@esbuild/linux-ia32': 0.28.2
      '@esbuild/linux-loong64': 0.28.2
      '@esbuild/linux-mips64el': 0.28.2
      '@esbuild/linux-ppc64': 0.28.2
      '@esbuild/linux-riscv64': 0.28.2
      '@esbuild/linux-s390x': 0.28.2
      '@esbuild/linux-x64': 0.28.2
      '@esbuild/netbsd-arm64': 0.28.2
      '@esbuild/netbsd-x64': 0.28.2
      '@esbuild/openbsd-arm64': 0.28.2
      '@esbuild/openbsd-x64': 0.28.2
      '@esbuild/openharmony-arm64': 0.28.2
      '@esbuild/sunos-x64': 0.28.2
      '@esbuild/win32-arm64': 0.28.2
      '@esbuild/win32-ia32': 0.28.2
      '@esbuild/win32-x64': 0.28.2

  fsevents@2.3.3:
    optional: true

  oxfmt@0.62.0:
    dependencies:
      tinypool: 2.1.0
    optionalDependencies:
      '@oxfmt/binding-android-arm-eabi': 0.62.0
      '@oxfmt/binding-android-arm64': 0.62.0
      '@oxfmt/binding-darwin-arm64': 0.62.0
      '@oxfmt/binding-darwin-x64': 0.62.0
      '@oxfmt/binding-freebsd-x64': 0.62.0
      '@oxfmt/binding-linux-arm-gnueabihf': 0.62.0
      '@oxfmt/binding-linux-arm-musleabihf': 0.62.0
      '@oxfmt/binding-linux-arm64-gnu': 0.62.0
      '@oxfmt/binding-linux-arm64-musl': 0.62.0
      '@oxfmt/binding-linux-ppc64-gnu': 0.62.0
      '@oxfmt/binding-linux-riscv64-gnu': 0.62.0
      '@oxfmt/binding-linux-riscv64-musl': 0.62.0
      '@oxfmt/binding-linux-s390x-gnu': 0.62.0
      '@oxfmt/binding-linux-x64-gnu': 0.62.0
      '@oxfmt/binding-linux-x64-musl': 0.62.0
      '@oxfmt/binding-openharmony-arm64': 0.62.0
      '@oxfmt/binding-win32-arm64-msvc': 0.62.0
      '@oxfmt/binding-win32-ia32-msvc': 0.62.0
      '@oxfmt/binding-win32-x64-msvc': 0.62.0

  oxlint-tsgolint@0.24.0:
    optionalDependencies:
      '@oxlint-tsgolint/darwin-arm64': 0.24.0
      '@oxlint-tsgolint/darwin-x64': 0.24.0
      '@oxlint-tsgolint/linux-arm64': 0.24.0
      '@oxlint-tsgolint/linux-x64': 0.24.0
      '@oxlint-tsgolint/win32-arm64': 0.24.0
      '@oxlint-tsgolint/win32-x64': 0.24.0

  oxlint@1.74.0(oxlint-tsgolint@0.24.0):
    optionalDependencies:
      '@oxlint/binding-android-arm-eabi': 1.74.0
      '@oxlint/binding-android-arm64': 1.74.0
      '@oxlint/binding-darwin-arm64': 1.74.0
      '@oxlint/binding-darwin-x64': 1.74.0
      '@oxlint/binding-freebsd-x64': 1.74.0
      '@oxlint/binding-linux-arm-gnueabihf': 1.74.0
      '@oxlint/binding-linux-arm-musleabihf': 1.74.0
      '@oxlint/binding-linux-arm64-gnu': 1.74.0
      '@oxlint/binding-linux-arm64-musl': 1.74.0
      '@oxlint/binding-linux-ppc64-gnu': 1.74.0
      '@oxlint/binding-linux-riscv64-gnu': 1.74.0
      '@oxlint/binding-linux-riscv64-musl': 1.74.0
      '@oxlint/binding-linux-s390x-gnu': 1.74.0
      '@oxlint/binding-linux-x64-gnu': 1.74.0
      '@oxlint/binding-linux-x64-musl': 1.74.0
      '@oxlint/binding-openharmony-arm64': 1.74.0
      '@oxlint/binding-win32-arm64-msvc': 1.74.0
      '@oxlint/binding-win32-ia32-msvc': 1.74.0
      '@oxlint/binding-win32-x64-msvc': 1.74.0
      oxlint-tsgolint: 0.24.0

  tinypool@2.1.0: {}

  tsx@4.23.12:
    dependencies:
      esbuild: 0.28.2
    optionalDependencies:
      fsevents: 2.3.3

  typescript@6.0.3: {}

  undici-types@8.3.0: {}
