lockfileVersion: '9.0'

settings:
  autoInstallPeers: true
  excludeLinksFromLockfile: false

importers:

  .:
    devDependencies:
      '@types/node':
        specifier: ^26.1.1
        version: 26.1.1
      oxfmt:
        specifier: ^0.57.0
        version: 0.57.0
      oxlint:
        specifier: ^1.74.0
        version: 1.74.0(oxlint-tsgolint@0.24.0)
      oxlint-tsgolint:
        specifier: ^0.24.0
        version: 0.24.0
      tsx:
        specifier: ^4.23.0
        version: 4.23.0
      typescript:
        specifier: ^6.0.3
        version: 6.0.3

packages:

  '@esbuild/aix-ppc64@0.28.1':
    resolution: {integrity: sha512-Svl7tq8k/08+p6CXPpRjQ1fKX+1odH/BQbb48fV6fj3CWHhsoIOoY87w1oHXm0qEpkIK3ZfVgp0hed3XBXzXMQ==}
    engines: {node: '>=18'}
    cpu: [ppc64]
    os: [aix]

  '@esbuild/android-arm64@0.28.1':
    resolution: {integrity: sha512-34EGEbCIAgosYz6goLcopX6Mo7NyGv9tfwEM2/7Ce2VcVRk568iSvniGWcUXIy7wEDR1wzolcxcriFVrWYcwBg==}
    engines: {node: '>=18'}
    cpu: [arm64]
    os: [android]

  '@esbuild/android-arm@0.28.1':
    resolution: {integrity: sha512-0k2F129Xdio1TdJfzJ8sy1Q47vUD2NnwdhiAf7drUN1EBTfPf4hsFCtmMgu/6m8JSzsBrlmVjudMBQqOfG8usQ==}
    engines: {node: '>=18'}
    cpu: [arm]
    os: [android]

  '@esbuild/android-x64@0.28.1':
    resolution: {integrity: sha512-dbwY7ltSMDWsRatcRpCnES4F+im88OCUgGZjy52shC7GqHRE/cYlxNbB4Z4UpJswpcc4Qxd2oE/ufM0p61IKng==}
    engines: {node: '>=18'}
    cpu: [x64]
    os: [android]

  '@esbuild/darwin-arm64@0.28.1':
    resolution: {integrity: sha512-TZbWkQY7kvTAXbXUT7uVACR5cMHsDiSz9z7ZKAX/RTq/WJEk3QyRr0wZpNhBDX+/0CtdqUIJlOiodQcta6tY3Q==}
    engines: {node: '>=18'}
    cpu: [arm64]
    os: [darwin]

  '@esbuild/darwin-x64@0.28.1':
    resolution: {integrity: sha512-zfdzgK9ACBNZLI/CyHTOx81SyNbM6YXn7rxSgX97VjyiPl9W1i4Ka4fgKECEoFCKGpvBj5qArWIGgQjOwkgskQ==}
    engines: {node: '>=18'}
    cpu: [x64]
    os: [darwin]

  '@esbuild/freebsd-arm64@0.28.1':
    resolution: {integrity: sha512-wG2EA8ENdEI0qhkSZMjfqrdY+ziCYCPMmtZjjIwOmXFjmyzEHn+UUxk5of+SYsjtfs3VpnlC7QLzSI5hY/rOAw==}
    engines: {node: '>=18'}
    cpu: [arm64]
    os: [freebsd]

  '@esbuild/freebsd-x64@0.28.1':
    resolution: {integrity: sha512-i7dZ9vQgnvSCzi/rYCXNgtF/U+eKZNJBzu3eTQbRgHnM7tNSizLOkRFAl3qzVc/Op/u5YkHHa4pf/3DOYHthLQ==}
    engines: {node: '>=18'}
    cpu: [x64]
    os: [freebsd]

  '@esbuild/linux-arm64@0.28.1':
    resolution: {integrity: sha512-yHs+0uc8+nvEAfAfxrWQKK5peSNzBc4PegcMO0EJ2hT71uA7vB8Ihg2e77R2P7SG5uYjPbHlLLmve4LLLRCf0g==}
    engines: {node: '>=18'}
    cpu: [arm64]
    os: [linux]

  '@esbuild/linux-arm@0.28.1':
    resolution: {integrity: sha512-qVXBOHQS+d5Y722GwJzJUtOLlX7km3CraOaGormF1pDtPd2C/l1SHRPgjLunLGe51Sh5YYWKMFDyV4SxgMQYTQ==}
    engines: {node: '>=18'}
    cpu: [arm]
    os: [linux]

  '@esbuild/linux-ia32@0.28.1':
    resolution: {integrity: sha512-d1z4ZuP0ajrfz/FhGT4vv278rX8KnPPJx8i5+AtK7TYbx9Le9F1hyzurZpkEyjkGa9dUGhQow4C1NmeGvqxN2w==}
    engines: {node: '>=18'}
    cpu: [ia32]
    os: [linux]

  '@esbuild/linux-loong64@0.28.1':
    resolution: {integrity: sha512-M5sRjUVZrkm1OAPR3dlOYzNmN+loZKGVi1VUQGrwuqLcbR6qeAz+famMhjASeH3YVKvZz+zT1jlh/keC3Rj/lg==}
    engines: {node: '>=18'}
    cpu: [loong64]
    os: [linux]

  '@esbuild/linux-mips64el@0.28.1':
    resolution: {integrity: sha512-mRObBZeHh2OxcBFPWE/FjylkRgZdYuiTR3vaTozquCGOH14iP9oN4x4Ge81CoIDYQrXmIxpFumJBu5MtZpnQJQ==}
    engines: {node: '>=18'}
    cpu: [mips64el]
    os: [linux]

  '@esbuild/linux-ppc64@0.28.1':
    resolution: {integrity: sha512-slScBsMAb3GFDcdrCgLwZtPYRoH2H/youv10QiZyRjmsP48fznoveWytSgCI/R0ZcUgpc0ZhIUEx6LHts8yrfQ==}
    engines: {node: '>=18'}
    cpu: [ppc64]
    os: [linux]

  '@esbuild/linux-riscv64@0.28.1':
    resolution: {integrity: sha512-kw0owk1o0GFETUJyW0jc0G4Yzs0BHZn0JDZ8JRT088vjJYX777BAs1fDGxAC+q831qOs2DTC96mNsG2opdfyyQ==}
    engines: {node: '>=18'}
    cpu: [riscv64]
    os: [linux]

  '@esbuild/linux-s390x@0.28.1':
    resolution: {integrity: sha512-/lAIjX8aYFRByhh6L5rYtPEDRqa9de/4V/juOXcta5frjvzXO4/sqEtyytse0g3zZFuWu5cDN0MkLz2qRDD2Ag==}
    engines: {node: '>=18'}
    cpu: [s390x]
    os: [linux]

  '@esbuild/linux-x64@0.28.1':
    resolution: {integrity: sha512-u/anNYF2mmVOEDwLtnQ1wOr3EZ9sTNGLWrsYGYwHWzGA3Si84IOkHXlbWTD1NB+9/1lcnweYKO54uhxZydNzfA==}
    engines: {node: '>=18'}
    cpu: [x64]
    os: [linux]

  '@esbuild/netbsd-arm64@0.28.1':
    resolution: {integrity: sha512-oks0DYbLwWMmaakTsCb+zL4E+aHRVLom9IJZOAthMQEPiQmydXHkziYEsGYRx0uNV/IjEKGAV941JzH02pflqw==}
    engines: {node: '>=18'}
    cpu: [arm64]
    os: [netbsd]

  '@esbuild/netbsd-x64@0.28.1':
    resolution: {integrity: sha512-aeL6lAnN89Hz43Mlh1G8ARasbuoYvSITDEx0tHh5b7jJnHcssqgjy9Yx430GDpmCa6OyrKoS0aNRjKundRizGg==}
    engines: {node: '>=18'}
    cpu: [x64]
    os: [netbsd]

  '@esbuild/openbsd-arm64@0.28.1':
    resolution: {integrity: sha512-MEFJe5C3R8pwXdZ5Y21oo6m7ePiS0d9pWucn99O/wvyJZChoIQKrQDxKrGeW8F5+T0okTHesAmDeiHDTIq0V/Q==}
    engines: {node: '>=18'}
    cpu: [arm64]
    os: [openbsd]

  '@esbuild/openbsd-x64@0.28.1':
    resolution: {integrity: sha512-i/ZLIOafE0Z8cI/XANJAixoJL/uRAoS2xOA3rb0xN+KK0K177cMAsQYkzHtBrtMXAKuAc7HGgcWiZ/sRC1Nxgw==}
    engines: {node: '>=18'}
    cpu: [x64]
    os: [openbsd]

  '@esbuild/openharmony-arm64@0.28.1':
    resolution: {integrity: sha512-ge+Z7EXFNt2BO1oAMsVpiQ8EwndV9i1xXerAeTIK7AtPs3bKFXQM7nlRxDSIUIMeueR1CNXxqztLzdNeReKBJg==}
    engines: {node: '>=18'}
    cpu: [arm64]
    os: [openharmony]

  '@esbuild/sunos-x64@0.28.1':
    resolution: {integrity: sha512-BEjgtECkL3vY+SaSQ6nzVfiALUeFxpawyp8Jmf5PtYhf1Ug40N1h/hxlhts+f1FvSvarEigdxS3BlSMI2PJLcQ==}
    engines: {node: '>=18'}
    cpu: [x64]
    os: [sunos]

  '@esbuild/win32-arm64@0.28.1':
    resolution: {integrity: sha512-lCv9eK/H6ZJWbE7bh2nw54CZ9M2nupBxJcTsdk/QQnWkdSjKGuxmmH8/GWrlT1eMmZfn4dGcCjRte397WqfQXA==}
    engines: {node: '>=18'}
    cpu: [arm64]
    os: [win32]

  '@esbuild/win32-ia32@0.28.1':
    resolution: {integrity: sha512-zvb/mB2bSCoJOpoCBgYKKpX6YM6mJBlBUVUtVj41DlZJVEB6/0CKlRYxP5wWl1C1ILiCoAU5wZZ4q1P3qeS6Eg==}
    engines: {node: '>=18'}
    cpu: [ia32]
    os: [win32]

  '@esbuild/win32-x64@0.28.1':
    resolution: {integrity: sha512-bm4Mowrv+GXMlpWX++EcXw/iLyd1o3+bJkC2DkWXYVvgZCqD/bSj9ctZeAMC3cIxgjRVR2Dufaiu4YPxr5gW1A==}
    engines: {node: '>=18'}
    cpu: [x64]
    os: [win32]

  '@oxfmt/binding-android-arm-eabi@0.57.0':
    resolution: {integrity: sha512-qVBsEO+KugOsCmUHcO8iqNnqc65p7PCKpCs8M66mPZ+Ri+CWbcpoQOEJBg2OTu03+0qu++NK1jj6IzvQVs0Sig==}
    engines: {node: ^20.19.0 || >=22.12.0}
    cpu: [arm]
    os: [android]

  '@oxfmt/binding-android-arm64@0.57.0':
    resolution: {integrity: sha512-mp6PibWbao3aizijcheOeHQaYEhcUAt8pwLniYbtLfHxL/psFF0BykAwCj+s3c6qIpa8yN8keZICWrqtZ70w8g==}
    engines: {node: ^20.19.0 || >=22.12.0}
    cpu: [arm64]
    os: [android]

  '@oxfmt/binding-darwin-arm64@0.57.0':
    resolution: {integrity: sha512-T+0stuCBqmUVY+aMIvrgXhzGhHO3sD5tNiiEcYqgSdPsnukskQqn2u5qOVD0sv1l7RLdFS5Z/f5Wi9Ktyjr3Eg==}
    engines: {node: ^20.19.0 || >=22.12.0}
    cpu: [arm64]
    os: [darwin]

  '@oxfmt/binding-darwin-x64@0.57.0':
    resolution: {integrity: sha512-O+3JbqWs/mCI2oi4xfhRO2IVPFJNDDEBV8Odo+ZpmsUOeKJfjXoNH7nDmBEQcDgK7NfjDIyE7kRgYSZcTLDO0A==}
    engines: {node: ^20.19.0 || >=22.12.0}
    cpu: [x64]
    os: [darwin]

  '@oxfmt/binding-freebsd-x64@0.57.0':
    resolution: {integrity: sha512-pxwhxVC+JkLX9twOQ/8C/vbuOQcMZyKIDmiRDZfO7yITuVcIdZCiLRqqf4QOxb2+8FWrRXzQpm+1DBKcMpHSSQ==}
    engines: {node: ^20.19.0 || >=22.12.0}
    cpu: [x64]
    os: [freebsd]

  '@oxfmt/binding-linux-arm-gnueabihf@0.57.0':
    resolution: {integrity: sha512-pxBU4zH2imB/MDBfth2rOMeVxXUMjRQLCazagwLARIFH3hVlxZJBlM4nSnHXaIHJK4/qezoFCIORN6AY8Mra4A==}
    engines: {node: ^20.19.0 || >=22.12.0}
    cpu: [arm]
    os: [linux]

  '@oxfmt/binding-linux-arm-musleabihf@0.57.0':
    resolution: {integrity: sha512-JAprOzt8tycYou36ZgEw14DlRHTiN8qdtKANdV3VZIRIvTI/lh/cX13c9pJ/EnDk2GT3FASH7KvCgQ2AufAifQ==}
    engines: {node: ^20.19.0 || >=22.12.0}
    cpu: [arm]
    os: [linux]

  '@oxfmt/binding-linux-arm64-gnu@0.57.0':
    resolution: {integrity: sha512-ajtjaxSaj9xl4BW7REt+Cef/ttzbAq00Bq4z7JUDZEfgFXdwSjH8K9bF+IcIJzZB9lKqMfQ4eHuSFOvvlvtqOg==}
    engines: {node: ^20.19.0 || >=22.12.0}
    cpu: [arm64]
    os: [linux]
    libc: [glibc]

  '@oxfmt/binding-linux-arm64-musl@0.57.0':
    resolution: {integrity: sha512-p4Y/+RYk9Bk5WO+zHSUXAClRmZ2fbJCejMuCAsU2HhyME4jqf6Ftt/mJYEwIah1wGCBDYOB7wEGV1x5bCEZ6hA==}
    engines: {node: ^20.19.0 || >=22.12.0}
    cpu: [arm64]
    os: [linux]
    libc: [musl]

  '@oxfmt/binding-linux-ppc64-gnu@0.57.0':
    resolution: {integrity: sha512-By6tRALAZsno0F4zedmtG+wdMvJiJmJoXM4d3+A9zHE4HRXLqXITwRH8mgrlcXc5yJM2g2W3riRPwTYdgemZLQ==}
    engines: {node: ^20.19.0 || >=22.12.0}
    cpu: [ppc64]
    os: [linux]
    libc: [glibc]

  '@oxfmt/binding-linux-riscv64-gnu@0.57.0':
    resolution: {integrity: sha512-skYeG+RgvyzspqVEBsEprL90OYYZfoVNqB3HcCNR6QDJyXKOzfDRT3zncnHmUaFluIlBHuY23mU1b5WGgR98hA==}
    engines: {node: ^20.19.0 || >=22.12.0}
    cpu: [riscv64]
    os: [linux]
    libc: [glibc]

  '@oxfmt/binding-linux-riscv64-musl@0.57.0':
    resolution: {integrity: sha512-FFgACrZOXAXUh5KQh2mt1CDOVOZmn+QzHP71wM9QobNwyQvoFfyAeefVUltW83g3sm7LTiH3yfFqLLVUpA5ZFQ==}
    engines: {node: ^20.19.0 || >=22.12.0}
    cpu: [riscv64]
    os: [linux]
    libc: [musl]

  '@oxfmt/binding-linux-s390x-gnu@0.57.0':
    resolution: {integrity: sha512-Nm/BAOfQeFiiKd502mZn/GAVKJwtd0RdCg17G3Wz/WSOIQmDi3+7/SZH4BHn1Ye5KvTVH3ua8WvfwLLycNIuvA==}
    engines: {node: ^20.19.0 || >=22.12.0}
    cpu: [s390x]
    os: [linux]
    libc: [glibc]

  '@oxfmt/binding-linux-x64-gnu@0.57.0':
    resolution: {integrity: sha512-BiSy5Ku3mQqyxS6YIqAJgd403wEUWvI7kerfzPxc2l/txZVmZM0pSj7oDM+4bGBExowxOi7o73jEam1W0EDTZg==}
    engines: {node: ^20.19.0 || >=22.12.0}
    cpu: [x64]
    os: [linux]
    libc: [glibc]

  '@oxfmt/binding-linux-x64-musl@0.57.0':
    resolution: {integrity: sha512-BCRkJiotz5s9afLYD2LuMvzAoDYx9H17E/YbDyu4xK7l4zHDPeny9ErSXL//i/nJyaOwRk08x4b8cgJC00+JDg==}
    engines: {node: ^20.19.0 || >=22.12.0}
    cpu: [x64]
    os: [linux]
    libc: [musl]

  '@oxfmt/binding-openharmony-arm64@0.57.0':
    resolution: {integrity: sha512-4Oaxe1qrGgXfpCJ1C/ERJ2iCtV2rN1R79ga9fsfyVHfSQRu/hVW780u2KDqZWFZ/iGTHODJji0JemxqFZ63eIQ==}
    engines: {node: ^20.19.0 || >=22.12.0}
    cpu: [arm64]
    os: [openharmony]

  '@oxfmt/binding-win32-arm64-msvc@0.57.0':
    resolution: {integrity: sha512-MYLAsDnhdNsSGheLYhWgbk0vfIrlS84iQYun/y21fX6u0jj8iBtYtbpZMdiqYeuf8U12eVPUjVY2xE2NrCfJ0g==}
    engines: {node: ^20.19.0 || >=22.12.0}
    cpu: [arm64]
    os: [win32]

  '@oxfmt/binding-win32-ia32-msvc@0.57.0':
    resolution: {integrity: sha512-PBwdzZALJY/jcCx2E6is0yu+cuVXeySTDmwuseD+9j0mHqlRNxwlKgsyRTBed/woPeqfVfuXfWjoq4Cx2Zt3Eg==}
    engines: {node: ^20.19.0 || >=22.12.0}
    cpu: [ia32]
    os: [win32]

  '@oxfmt/binding-win32-x64-msvc@0.57.0':
    resolution: {integrity: sha512-bQJdH9i4RRfw55jm7+8/xS7GzHLLTbHx4huhrrDxQJaJtbSDbsyOnODvP1ftT7EG0KFKAYO2S+q6AcioXODx8w==}
    engines: {node: ^20.19.0 || >=22.12.0}
    cpu: [x64]
    os: [win32]

  '@oxlint-tsgolint/darwin-arm64@0.24.0':
    resolution: {integrity: sha512-C2uMmwK5Bc4ri4ysZ6sA8Rcu+A5zBQTp6ml2u0CLLbRZp4kMFPV3yWk8B5DK9Aw7y9bbjogIm75tUwGLFzlsYQ==}
    cpu: [arm64]
    os: [darwin]

  '@oxlint-tsgolint/darwin-x64@0.24.0':
    resolution: {integrity: sha512-Wgvt/1lRbDxmoNqWQKKcL+UIiqLmdJ+EWLpQa1qzoNVAfNB0PJpa82/8dH1twT/3rSs4zrP5TXPWl4juB71WuQ==}
    cpu: [x64]
    os: [darwin]

  '@oxlint-tsgolint/linux-arm64@0.24.0':
    resolution: {integrity: sha512-PB1rxII7KV83+ASY4sSkXtqvpij6ME66+QCRL49uksi/ofs2Rf/UVboYr095n0Rkbl2wgvlsHGl6DHC361jQUQ==}
    cpu: [arm64]
    os: [linux]

  '@oxlint-tsgolint/linux-x64@0.24.0':
    resolution: {integrity: sha512-xcz3CxKmjTQLREtE/UShh+ruWmm9nAb7UM9zKcD65BStiuYgOakAKkPHl4YS5DztpVcDrE0+HqbOolTlRKYWmw==}
    cpu: [x64]
    os: [linux]

  '@oxlint-tsgolint/win32-arm64@0.24.0':
    resolution: {integrity: sha512-A2i6ZGBec3i20S7RaxkgHc6r3HYtD5Mn7j/mb22NkTz14u0JuudvTu6JggAnbGMcv8+dBKQI//EasxSPJLD8pw==}
    cpu: [arm64]
    os: [win32]

  '@oxlint-tsgolint/win32-x64@0.24.0':
    resolution: {integrity: sha512-0ZbGd9qRB6zs82moekaKdEvncRANq49EAwfNX62JpTS46feXUhKAuoyVDvZMj6Rywejylrmmu79Wo6faYCo4Ew==}
    cpu: [x64]
    os: [win32]

  '@oxlint/binding-android-arm-eabi@1.74.0':
    resolution: {integrity: sha512-+gHd12muVI9ZLBaWLPkHt3Fj7jihFjgQ1MGtBaRL8vWrWrI0P7dLUty/cHrHS0oqPYIRgQUJsPu2CExQuMcwNw==}
    engines: {node: ^20.19.0 || >=22.12.0}
    cpu: [arm]
    os: [android]

  '@oxlint/binding-android-arm64@1.74.0':
    resolution: {integrity: sha512-xjKdoMB+H+RCOByv/7l7nfIGW9mlOisqYdcyC75UqYuQecLpReAeEYUf2CNeDEI3KtmUgxpRw/+c63y4AeF/Bw==}
    engines: {node: ^20.19.0 || >=22.12.0}
    cpu: [arm64]
    os: [android]

  '@oxlint/binding-darwin-arm64@1.74.0':
    resolution: {integrity: sha512-iUK7wvc6sejMKsC+Pt67mntoF5weFcyEunhZfLJceU6gL419mexz5wBkSx/EnkFBExMLNtOi9fnDSc5xfK0IzQ==}
    engines: {node: ^20.19.0 || >=22.12.0}
    cpu: [arm64]
    os: [darwin]

  '@oxlint/binding-darwin-x64@1.74.0':
    resolution: {integrity: sha512-ggKc/tn5SJ1u2yG2izC6VKODfYKV8MQ2AicJlNzOjuyrC29udvOef6/JzK2r32xqCnBDLFouR1VCkjzEI0/N9Q==}
    engines: {node: ^20.19.0 || >=22.12.0}
    cpu: [x64]
    os: [darwin]

  '@oxlint/binding-freebsd-x64@1.74.0':
    resolution: {integrity: sha512-u++dH/43jy9hTLbneaWlS0gla/Bp1JdwJ2zgevCl8nDFUh6qRCGMxcL0f0lb7By3A9p/LfFr+7cG4HU1hG856g==}
    engines: {node: ^20.19.0 || >=22.12.0}
    cpu: [x64]
    os: [freebsd]

  '@oxlint/binding-linux-arm-gnueabihf@1.74.0':
    resolution: {integrity: sha512-Sj1zmtFDVTPeIbIz4ZfcXAbFHqCmKCXdCUlAJzvTF7I20NTH1RDpoF2PhkqNODutJzVhJYmm3oz0GwgY+tvE2g==}
    engines: {node: ^20.19.0 || >=22.12.0}
    cpu: [arm]
    os: [linux]

  '@oxlint/binding-linux-arm-musleabihf@1.74.0':
    resolution: {integrity: sha512-//PKyQb/tQXcHArx2f7z+oVI/eMS2Jpv+edNuAtOrgIhWdGcpHxogveAxzmF2rpH1AIHp4Hq04RF/rgJdiICnQ==}
    engines: {node: ^20.19.0 || >=22.12.0}
    cpu: [arm]
    os: [linux]

  '@oxlint/binding-linux-arm64-gnu@1.74.0':
    resolution: {integrity: sha512-/k1Me+aX2tjuH10K62mLS0y8cLkJBHX6Ce0xPK+eWeel4bSdEGZ8dv4+hYMzg0GrSmjwy4yAYsDPeEeKBft/2w==}
    engines: {node: ^20.19.0 || >=22.12.0}
    cpu: [arm64]
    os: [linux]
    libc: [glibc]

  '@oxlint/binding-linux-arm64-musl@1.74.0':
    resolution: {integrity: sha512-3tFSjBxc5D8/zvjEuLvOqcA8ZXKD0+6NuaVO/edeamNc49MoAsbfaC9s1UiwODwgF6slGaF8yJA2TPkukd77tg==}
    engines: {node: ^20.19.0 || >=22.12.0}
    cpu: [arm64]
    os: [linux]
    libc: [musl]

  '@oxlint/binding-linux-ppc64-gnu@1.74.0':
    resolution: {integrity: sha512-9QggtPkSPXOCTu8Szis7auOK/sC7KdQaN+/TujP7YVVhzCAOhgdRfgv8uEz0r2tk5xdgus5rLYUrCDoZNtiRUw==}
    engines: {node: ^20.19.0 || >=22.12.0}
    cpu: [ppc64]
    os: [linux]
    libc: [glibc]

  '@oxlint/binding-linux-riscv64-gnu@1.74.0':
    resolution: {integrity: sha512-VM5VPUJ4DJIWiK+AZn8FScUqMr6OFrCAYybMYjEEi7W13ParI64MByiXTkKMqZpBmvQ9zxl9Ebq2VUOiZRJYUg==}
    engines: {node: ^20.19.0 || >=22.12.0}
    cpu: [riscv64]
    os: [linux]
    libc: [glibc]

  '@oxlint/binding-linux-riscv64-musl@1.74.0':
    resolution: {integrity: sha512-SaDY1gh9rOA592J54g+gu5hkOFFQBZsMmIYHs+NRHG+Uq0OxtuuCXMWQ3vu1830Eugv5uMXyjG+bv2Z9y4IXjw==}
    engines: {node: ^20.19.0 || >=22.12.0}
    cpu: [riscv64]
    os: [linux]
    libc: [musl]

  '@oxlint/binding-linux-s390x-gnu@1.74.0':
    resolution: {integrity: sha512-ZATQeHZCyr6MbDveg0obD5sxLHFOghtOdC5jwVwYlvFWqtFOxctgFEG6Ef/64hYvZrWyhyCckB10AelqLopeDA==}
    engines: {node: ^20.19.0 || >=22.12.0}
    cpu: [s390x]
    os: [linux]
    libc: [glibc]

  '@oxlint/binding-linux-x64-gnu@1.74.0':
    resolution: {integrity: sha512-+aIvJyrdeD7LwCQ2WYLMUWNmnbeDRSPb40aBYtPjD9+PTqUwgJnk+HK5yLfSMeqXrMrDhE9uTmtt2y50tvjhHw==}
    engines: {node: ^20.19.0 || >=22.12.0}
    cpu: [x64]
    os: [linux]
    libc: [glibc]

  '@oxlint/binding-linux-x64-musl@1.74.0':
    resolution: {integrity: sha512-XyktaR8lhK2qWiCK0Tk8oYD+/cgn+oHA6ddRnxSSXUKkkojkV78CmShZUxQF+yrBFs0SuW+JBOPG6hecyc/iZg==}
    engines: {node: ^20.19.0 || >=22.12.0}
    cpu: [x64]
    os: [linux]
    libc: [musl]

  '@oxlint/binding-openharmony-arm64@1.74.0':
    resolution: {integrity: sha512-mzbjrPl4neaVUiJ1fUiEUxTGaSZBoiKtaoB6jmIpz9S+VOA2vDYmJpihQ82w6178V5jxziclTg8Cgj5yF6tTDg==}
    engines: {node: ^20.19.0 || >=22.12.0}
    cpu: [arm64]
    os: [openharmony]

  '@oxlint/binding-win32-arm64-msvc@1.74.0':
    resolution: {integrity: sha512-vUAe9okpS2Oa5+lX67lqHMuNUvfkleRKwrUDJ/WJBsgmddvZ1mrsh2HVmuFDRzqFELhaJhFaCNOuR6a7L3rtIA==}
    engines: {node: ^20.19.0 || >=22.12.0}
    cpu: [arm64]
    os: [win32]

  '@oxlint/binding-win32-ia32-msvc@1.74.0':
    resolution: {integrity: sha512-yyXXJyYYSXL4I8K8jAWjJs+J3fa9gH2JmEbo4f5adm+1tNC9itseicBNuwK7BDHvqQ5J534s+yDULu89vYL2ZQ==}
    engines: {node: ^20.19.0 || >=22.12.0}
    cpu: [ia32]
    os: [win32]

  '@oxlint/binding-win32-x64-msvc@1.74.0':
    resolution: {integrity: sha512-VTC9IYTIMrVUk/i6Ms1ohzzDKZFkWn0KU2OBbPBzgmVZ2V30165T/zK4LztTr0Xgp9fZ1qQZ1rsZAu/rEmySlA==}
    engines: {node: ^20.19.0 || >=22.12.0}
    cpu: [x64]
    os: [win32]

  '@types/node@26.1.1':
    resolution: {integrity: sha512-nxAkRSVkN1Y0JC1W8ky/fTfkGsMmcrRsbx+3XoZE+rMOX71kLYTV7fLXpqud1GpbpP5TuffXFqfX7fH2GgZREw==}

  esbuild@0.28.1:
    resolution: {integrity: sha512-HrJrvZv5ayxBzPfwphOoNzkzOIIlifzk0KJrGK2c8R4+LKpMtpYLQeUdjnwjWv/LZlkH2laZk+4w78pi99D4Vw==}
    engines: {node: '>=18'}
    hasBin: true

  fsevents@2.3.3:
    resolution: {integrity: sha512-5xoDfX+fL7faATnagmWPpbFtwh/R77WmMMqqHGS65C3vvB0YHrgF+B1YmZ3441tMj5n63k0212XNoJwzlhffQw==}
    engines: {node: ^8.16.0 || ^10.6.0 || >=11.0.0}
    os: [darwin]

  oxfmt@0.57.0:
    resolution: {integrity: sha512-ZB7Bi+rGDSqmVIo9jwcLyFgjxXvQhDdU+jx+ZrVy6VRiVXK2+CHc4hO3J4dUQjHe7V0ymHB+MDuv5z+NhK07HA==}
    engines: {node: ^20.19.0 || >=22.12.0}
    hasBin: true
    peerDependencies:
      svelte: ^5.0.0
      vite-plus: '*'
    peerDependenciesMeta:
      svelte:
        optional: true
      vite-plus:
        optional: true

  oxlint-tsgolint@0.24.0:
    resolution: {integrity: sha512-giCk5sEvG02d5tzPmFMX3hem8ndzEEu1xvGYS5OwNfO2WGl6ZVxt5LjE0yiMDoz94INI7XkXwgFAQiydPvVHDw==}
    hasBin: true

  oxlint@1.74.0:
    resolution: {integrity: sha512-odGl2s2x5IOJoj3A0v1k0PGBXVFBZeZ2+AK/+K2MJur7Ghi3bkyX5NuLUWHKqa4js1wjep3hJeuTQJOlr+4+dA==}
    engines: {node: ^20.19.0 || >=22.12.0}
    hasBin: true
    peerDependencies:
      oxlint-tsgolint: '>=0.24.0'
      vite-plus: '*'
    peerDependenciesMeta:
      oxlint-tsgolint:
        optional: true
      vite-plus:
        optional: true

  tinypool@2.1.0:
    resolution: {integrity: sha512-Pugqs6M0m7Lv1I7FtxN4aoyToKg1C4tu+/381vH35y8oENM/Ai7f7C4StcoK4/+BSw9ebcS8jRiVrORFKCALLw==}
    engines: {node: ^20.0.0 || >=22.0.0}

  tsx@4.23.0:
    resolution: {integrity: sha512-eUdUIaCr963q2h5u3+QwvYp0+eqPvn+egeqZUm0hwERCqqx1E3kK5ehbGCvqSE5MQAULr67ww0cA3jKc3YkM1w==}
    engines: {node: '>=18.0.0'}
    hasBin: true

  typescript@6.0.3:
    resolution: {integrity: sha512-y2TvuxSZPDyQakkFRPZHKFm+KKVqIisdg9/CZwm9ftvKXLP8NRWj38/ODjNbr43SsoXqNuAisEf1GdCxqWcdBw==}
    engines: {node: '>=14.17'}
    hasBin: true

  undici-types@8.3.0:
    resolution: {integrity: sha512-j375ScV60dom+YkPFIfTLcOiPxkN/buHz5GobjLhixFuANaNs3C9l4GmrWqejgXWJ7BbJcFYpTEUkS1Ge8bpZQ==}

snapshots:

  '@esbuild/aix-ppc64@0.28.1':
    optional: true

  '@esbuild/android-arm64@0.28.1':
    optional: true

  '@esbuild/android-arm@0.28.1':
    optional: true

  '@esbuild/android-x64@0.28.1':
    optional: true

  '@esbuild/darwin-arm64@0.28.1':
    optional: true

  '@esbuild/darwin-x64@0.28.1':
    optional: true

  '@esbuild/freebsd-arm64@0.28.1':
    optional: true

  '@esbuild/freebsd-x64@0.28.1':
    optional: true

  '@esbuild/linux-arm64@0.28.1':
    optional: true

  '@esbuild/linux-arm@0.28.1':
    optional: true

  '@esbuild/linux-ia32@0.28.1':
    optional: true

  '@esbuild/linux-loong64@0.28.1':
    optional: true

  '@esbuild/linux-mips64el@0.28.1':
    optional: true

  '@esbuild/linux-ppc64@0.28.1':
    optional: true

  '@esbuild/linux-riscv64@0.28.1':
    optional: true

  '@esbuild/linux-s390x@0.28.1':
    optional: true

  '@esbuild/linux-x64@0.28.1':
    optional: true

  '@esbuild/netbsd-arm64@0.28.1':
    optional: true

  '@esbuild/netbsd-x64@0.28.1':
    optional: true

  '@esbuild/openbsd-arm64@0.28.1':
    optional: true

  '@esbuild/openbsd-x64@0.28.1':
    optional: true

  '@esbuild/openharmony-arm64@0.28.1':
    optional: true

  '@esbuild/sunos-x64@0.28.1':
    optional: true

  '@esbuild/win32-arm64@0.28.1':
    optional: true

  '@esbuild/win32-ia32@0.28.1':
    optional: true

  '@esbuild/win32-x64@0.28.1':
    optional: true

  '@oxfmt/binding-android-arm-eabi@0.57.0':
    optional: true

  '@oxfmt/binding-android-arm64@0.57.0':
    optional: true

  '@oxfmt/binding-darwin-arm64@0.57.0':
    optional: true

  '@oxfmt/binding-darwin-x64@0.57.0':
    optional: true

  '@oxfmt/binding-freebsd-x64@0.57.0':
    optional: true

  '@oxfmt/binding-linux-arm-gnueabihf@0.57.0':
    optional: true

  '@oxfmt/binding-linux-arm-musleabihf@0.57.0':
    optional: true

  '@oxfmt/binding-linux-arm64-gnu@0.57.0':
    optional: true

  '@oxfmt/binding-linux-arm64-musl@0.57.0':
    optional: true

  '@oxfmt/binding-linux-ppc64-gnu@0.57.0':
    optional: true

  '@oxfmt/binding-linux-riscv64-gnu@0.57.0':
    optional: true

  '@oxfmt/binding-linux-riscv64-musl@0.57.0':
    optional: true

  '@oxfmt/binding-linux-s390x-gnu@0.57.0':
    optional: true

  '@oxfmt/binding-linux-x64-gnu@0.57.0':
    optional: true

  '@oxfmt/binding-linux-x64-musl@0.57.0':
    optional: true

  '@oxfmt/binding-openharmony-arm64@0.57.0':
    optional: true

  '@oxfmt/binding-win32-arm64-msvc@0.57.0':
    optional: true

  '@oxfmt/binding-win32-ia32-msvc@0.57.0':
    optional: true

  '@oxfmt/binding-win32-x64-msvc@0.57.0':
    optional: true

  '@oxlint-tsgolint/darwin-arm64@0.24.0':
    optional: true

  '@oxlint-tsgolint/darwin-x64@0.24.0':
    optional: true

  '@oxlint-tsgolint/linux-arm64@0.24.0':
    optional: true

  '@oxlint-tsgolint/linux-x64@0.24.0':
    optional: true

  '@oxlint-tsgolint/win32-arm64@0.24.0':
    optional: true

  '@oxlint-tsgolint/win32-x64@0.24.0':
    optional: true

  '@oxlint/binding-android-arm-eabi@1.74.0':
    optional: true

  '@oxlint/binding-android-arm64@1.74.0':
    optional: true

  '@oxlint/binding-darwin-arm64@1.74.0':
    optional: true

  '@oxlint/binding-darwin-x64@1.74.0':
    optional: true

  '@oxlint/binding-freebsd-x64@1.74.0':
    optional: true

  '@oxlint/binding-linux-arm-gnueabihf@1.74.0':
    optional: true

  '@oxlint/binding-linux-arm-musleabihf@1.74.0':
    optional: true

  '@oxlint/binding-linux-arm64-gnu@1.74.0':
    optional: true

  '@oxlint/binding-linux-arm64-musl@1.74.0':
    optional: true

  '@oxlint/binding-linux-ppc64-gnu@1.74.0':
    optional: true

  '@oxlint/binding-linux-riscv64-gnu@1.74.0':
    optional: true

  '@oxlint/binding-linux-riscv64-musl@1.74.0':
    optional: true

  '@oxlint/binding-linux-s390x-gnu@1.74.0':
    optional: true

  '@oxlint/binding-linux-x64-gnu@1.74.0':
    optional: true

  '@oxlint/binding-linux-x64-musl@1.74.0':
    optional: true

  '@oxlint/binding-openharmony-arm64@1.74.0':
    optional: true

  '@oxlint/binding-win32-arm64-msvc@1.74.0':
    optional: true

  '@oxlint/binding-win32-ia32-msvc@1.74.0':
    optional: true

  '@oxlint/binding-win32-x64-msvc@1.74.0':
    optional: true

  '@types/node@26.1.1':
    dependencies:
      undici-types: 8.3.0

  esbuild@0.28.1:
    optionalDependencies:
      '@esbuild/aix-ppc64': 0.28.1
      '@esbuild/android-arm': 0.28.1
      '@esbuild/android-arm64': 0.28.1
      '@esbuild/android-x64': 0.28.1
      '@esbuild/darwin-arm64': 0.28.1
      '@esbuild/darwin-x64': 0.28.1
      '@esbuild/freebsd-arm64': 0.28.1
      '@esbuild/freebsd-x64': 0.28.1
      '@esbuild/linux-arm': 0.28.1
      '@esbuild/linux-arm64': 0.28.1
      '@esbuild/linux-ia32': 0.28.1
      '@esbuild/linux-loong64': 0.28.1
      '@esbuild/linux-mips64el': 0.28.1
      '@esbuild/linux-ppc64': 0.28.1
      '@esbuild/linux-riscv64': 0.28.1
      '@esbuild/linux-s390x': 0.28.1
      '@esbuild/linux-x64': 0.28.1
      '@esbuild/netbsd-arm64': 0.28.1
      '@esbuild/netbsd-x64': 0.28.1
      '@esbuild/openbsd-arm64': 0.28.1
      '@esbuild/openbsd-x64': 0.28.1
      '@esbuild/openharmony-arm64': 0.28.1
      '@esbuild/sunos-x64': 0.28.1
      '@esbuild/win32-arm64': 0.28.1
      '@esbuild/win32-ia32': 0.28.1
      '@esbuild/win32-x64': 0.28.1

  fsevents@2.3.3:
    optional: true

  oxfmt@0.57.0:
    dependencies:
      tinypool: 2.1.0
    optionalDependencies:
      '@oxfmt/binding-android-arm-eabi': 0.57.0
      '@oxfmt/binding-android-arm64': 0.57.0
      '@oxfmt/binding-darwin-arm64': 0.57.0
      '@oxfmt/binding-darwin-x64': 0.57.0
      '@oxfmt/binding-freebsd-x64': 0.57.0
      '@oxfmt/binding-linux-arm-gnueabihf': 0.57.0
      '@oxfmt/binding-linux-arm-musleabihf': 0.57.0
      '@oxfmt/binding-linux-arm64-gnu': 0.57.0
      '@oxfmt/binding-linux-arm64-musl': 0.57.0
      '@oxfmt/binding-linux-ppc64-gnu': 0.57.0
      '@oxfmt/binding-linux-riscv64-gnu': 0.57.0
      '@oxfmt/binding-linux-riscv64-musl': 0.57.0
      '@oxfmt/binding-linux-s390x-gnu': 0.57.0
      '@oxfmt/binding-linux-x64-gnu': 0.57.0
      '@oxfmt/binding-linux-x64-musl': 0.57.0
      '@oxfmt/binding-openharmony-arm64': 0.57.0
      '@oxfmt/binding-win32-arm64-msvc': 0.57.0
      '@oxfmt/binding-win32-ia32-msvc': 0.57.0
      '@oxfmt/binding-win32-x64-msvc': 0.57.0

  oxlint-tsgolint@0.24.0:
    optionalDependencies:
      '@oxlint-tsgolint/darwin-arm64': 0.24.0
      '@oxlint-tsgolint/darwin-x64': 0.24.0
      '@oxlint-tsgolint/linux-arm64': 0.24.0
      '@oxlint-tsgolint/linux-x64': 0.24.0
      '@oxlint-tsgolint/win32-arm64': 0.24.0
      '@oxlint-tsgolint/win32-x64': 0.24.0

  oxlint@1.74.0(oxlint-tsgolint@0.24.0):
    optionalDependencies:
      '@oxlint/binding-android-arm-eabi': 1.74.0
      '@oxlint/binding-android-arm64': 1.74.0
      '@oxlint/binding-darwin-arm64': 1.74.0
      '@oxlint/binding-darwin-x64': 1.74.0
      '@oxlint/binding-freebsd-x64': 1.74.0
      '@oxlint/binding-linux-arm-gnueabihf': 1.74.0
      '@oxlint/binding-linux-arm-musleabihf': 1.74.0
      '@oxlint/binding-linux-arm64-gnu': 1.74.0
      '@oxlint/binding-linux-arm64-musl': 1.74.0
      '@oxlint/binding-linux-ppc64-gnu': 1.74.0
      '@oxlint/binding-linux-riscv64-gnu': 1.74.0
      '@oxlint/binding-linux-riscv64-musl': 1.74.0
      '@oxlint/binding-linux-s390x-gnu': 1.74.0
      '@oxlint/binding-linux-x64-gnu': 1.74.0
      '@oxlint/binding-linux-x64-musl': 1.74.0
      '@oxlint/binding-openharmony-arm64': 1.74.0
      '@oxlint/binding-win32-arm64-msvc': 1.74.0
      '@oxlint/binding-win32-ia32-msvc': 1.74.0
      '@oxlint/binding-win32-x64-msvc': 1.74.0
      oxlint-tsgolint: 0.24.0

  tinypool@2.1.0: {}

  tsx@4.23.0:
    dependencies:
      esbuild: 0.28.1
    optionalDependencies:
      fsevents: 2.3.3

  typescript@6.0.3: {}

  undici-types@8.3.0: {}
